
Microsoft Visual Studio Solution File, Format Version 12.00
# Visual Studio Version 16
VisualStudioVersion = 16.0.30711.63
MinimumVisualStudioVersion = 10.0.40219.1
Project("{9A19103F-16F7-4668-BE54-9A1E7A4F7556}") = "Interfaces", "SmartIct.Interfaces\Interfaces.csproj", "{51ED240C-B11A-4CAD-8A66-D9E6B28036F7}"
EndProject
Project("{2150E333-8FDC-42A3-9474-1A3956D46DE8}") = "Solution Items", "Solution Items", "{232834C2-A815-4D27-98DE-9652AA4D8463}"
	ProjectSection(SolutionItems) = preProject
		.editorconfig = .editorconfig
		Solution Items\PCB-Investigator.exe = Solution Items\PCB-Investigator.exe
	EndProjectSection
EndProject
Project("{2150E333-8FDC-42A3-9474-1A3956D46DE8}") = "Tests", "Tests", "{E6DFECD3-8233-44E5-967A-919520B46C49}"
EndProject
Project("{2150E333-8FDC-42A3-9474-1A3956D46DE8}") = "Net472", "Net472", "{29C0D845-B629-4DAF-8821-31AB9AEF53EA}"
EndProject
Project("{2150E333-8FDC-42A3-9474-1A3956D46DE8}") = "NetStandard", "NetStandard", "{C4F2F89D-6921-434B-86C9-346C3DE6A759}"
EndProject
Project("{9A19103F-16F7-4668-BE54-9A1E7A4F7556}") = "TestCoverage", "Tests\TestCoverage\TestCoverage.csproj", "{6764F8BF-C230-4D75-BC9A-9BF37B6E7992}"
EndProject
Project("{9A19103F-16F7-4668-BE54-9A1E7A4F7556}") = "TestDotNetCore", "Tests\TestDotNetCore\TestDotNetCore.csproj", "{5239CF43-22DF-4DCA-802C-B24405CF6AE9}"
EndProject
Project("{9A19103F-16F7-4668-BE54-9A1E7A4F7556}") = "GrpcApi", "Net472\GrpcApi\GrpcApi.csproj", "{6A4D2F50-422C-4A2A-B18B-F3D43FE1D836}"
EndProject
Project("{2150E333-8FDC-42A3-9474-1A3956D46DE8}") = "Gui", "Gui", "{BD86B0C9-DDAD-4049-9532-317FA30C4CB5}"
EndProject
Project("{2150E333-8FDC-42A3-9474-1A3956D46DE8}") = "Services", "Services", "{912C6E07-7456-4CFF-B8EE-ED896F6431E7}"
EndProject
Project("{9A19103F-16F7-4668-BE54-9A1E7A4F7556}") = "Ui.Services", "Gui\Services\Ui.Services\Ui.Services.csproj", "{0794DE74-4702-4968-A82F-30F8194BDF5B}"
EndProject
Project("{2150E333-8FDC-42A3-9474-1A3956D46DE8}") = "Modules", "Modules", "{BA8C827B-706B-4829-9BBF-644A4878CBFD}"
EndProject
Project("{9A19103F-16F7-4668-BE54-9A1E7A4F7556}") = "Ui.Modules.ModuleName", "Gui\Modules\Ui.Modules.ModuleName\Ui.Modules.ModuleName.csproj", "{17F3E96A-76E8-4C94-802E-27F26212E5EF}"
EndProject
Project("{2150E333-8FDC-42A3-9474-1A3956D46DE8}") = "Core", "Core", "{1EF1995E-ECFE-4512-8395-C6935E4F2D2E}"
EndProject
Project("{9A19103F-16F7-4668-BE54-9A1E7A4F7556}") = "Ui.Core", "Gui\Ui.Core\Ui.Core.csproj", "{9073841E-7E5E-4AC2-A92E-8C6FC2271306}"
EndProject
Project("{9A19103F-16F7-4668-BE54-9A1E7A4F7556}") = "Ui", "Gui\Ui\Ui.csproj", "{C278E262-7CE6-48E4-8EEC-42A002EA4B2F}"
EndProject
Project("{9A19103F-16F7-4668-BE54-9A1E7A4F7556}") = "GrpcClientParser", "NetStandard\GrpcClientParser\GrpcClientParser.csproj", "{379ACC97-8276-43CD-9630-A9DA23C3702C}"
EndProject
Project("{FAE04EC0-301F-11D3-BF4B-00C04F79EFBC}") = "TestProjectNet472", "Tests\TestProjectNet472\TestProjectNet472.csproj", "{E35538D1-8651-4F8F-A965-C5B3FDB33B30}"
EndProject
Project("{FAE04EC0-301F-11D3-BF4B-00C04F79EFBC}") = "PinInformationExtractor", "PinInformationExtractor\PinInformationExtractor.csproj", "{6C2283FA-24D2-4578-A470-58D98ABEBE01}"
EndProject
Global
	GlobalSection(SolutionConfigurationPlatforms) = preSolution
		Debug|Any CPU = Debug|Any CPU
		Debug|x64 = Debug|x64
		Release|Any CPU = Release|Any CPU
		Release|x64 = Release|x64
	EndGlobalSection
	GlobalSection(ProjectConfigurationPlatforms) = postSolution
		{51ED240C-B11A-4CAD-8A66-D9E6B28036F7}.Debug|Any CPU.ActiveCfg = Debug|Any CPU
		{51ED240C-B11A-4CAD-8A66-D9E6B28036F7}.Debug|Any CPU.Build.0 = Debug|Any CPU
		{51ED240C-B11A-4CAD-8A66-D9E6B28036F7}.Debug|x64.ActiveCfg = Debug|x64
		{51ED240C-B11A-4CAD-8A66-D9E6B28036F7}.Debug|x64.Build.0 = Debug|x64
		{51ED240C-B11A-4CAD-8A66-D9E6B28036F7}.Release|Any CPU.ActiveCfg = Release|Any CPU
		{51ED240C-B11A-4CAD-8A66-D9E6B28036F7}.Release|Any CPU.Build.0 = Release|Any CPU
		{51ED240C-B11A-4CAD-8A66-D9E6B28036F7}.Release|x64.ActiveCfg = Release|x64
		{51ED240C-B11A-4CAD-8A66-D9E6B28036F7}.Release|x64.Build.0 = Release|x64
		{6764F8BF-C230-4D75-BC9A-9BF37B6E7992}.Debug|Any CPU.ActiveCfg = Debug|Any CPU
		{6764F8BF-C230-4D75-BC9A-9BF37B6E7992}.Debug|Any CPU.Build.0 = Debug|Any CPU
		{6764F8BF-C230-4D75-BC9A-9BF37B6E7992}.Debug|x64.ActiveCfg = Debug|x64
		{6764F8BF-C230-4D75-BC9A-9BF37B6E7992}.Debug|x64.Build.0 = Debug|x64
		{6764F8BF-C230-4D75-BC9A-9BF37B6E7992}.Release|Any CPU.ActiveCfg = Release|Any CPU
		{6764F8BF-C230-4D75-BC9A-9BF37B6E7992}.Release|Any CPU.Build.0 = Release|Any CPU
		{6764F8BF-C230-4D75-BC9A-9BF37B6E7992}.Release|x64.ActiveCfg = Release|x64
		{6764F8BF-C230-4D75-BC9A-9BF37B6E7992}.Release|x64.Build.0 = Release|x64
		{5239CF43-22DF-4DCA-802C-B24405CF6AE9}.Debug|Any CPU.ActiveCfg = Debug|Any CPU
		{5239CF43-22DF-4DCA-802C-B24405CF6AE9}.Debug|Any CPU.Build.0 = Debug|Any CPU
		{5239CF43-22DF-4DCA-802C-B24405CF6AE9}.Debug|x64.ActiveCfg = Debug|x64
		{5239CF43-22DF-4DCA-802C-B24405CF6AE9}.Debug|x64.Build.0 = Debug|x64
		{5239CF43-22DF-4DCA-802C-B24405CF6AE9}.Release|Any CPU.ActiveCfg = Release|Any CPU
		{5239CF43-22DF-4DCA-802C-B24405CF6AE9}.Release|Any CPU.Build.0 = Release|Any CPU
		{5239CF43-22DF-4DCA-802C-B24405CF6AE9}.Release|x64.ActiveCfg = Release|x64
		{5239CF43-22DF-4DCA-802C-B24405CF6AE9}.Release|x64.Build.0 = Release|x64
		{6A4D2F50-422C-4A2A-B18B-F3D43FE1D836}.Debug|Any CPU.ActiveCfg = Debug|Any CPU
		{6A4D2F50-422C-4A2A-B18B-F3D43FE1D836}.Debug|Any CPU.Build.0 = Debug|Any CPU
		{6A4D2F50-422C-4A2A-B18B-F3D43FE1D836}.Debug|x64.ActiveCfg = Debug|x64
		{6A4D2F50-422C-4A2A-B18B-F3D43FE1D836}.Debug|x64.Build.0 = Debug|x64
		{6A4D2F50-422C-4A2A-B18B-F3D43FE1D836}.Release|Any CPU.ActiveCfg = Release|Any CPU
		{6A4D2F50-422C-4A2A-B18B-F3D43FE1D836}.Release|Any CPU.Build.0 = Release|Any CPU
		{6A4D2F50-422C-4A2A-B18B-F3D43FE1D836}.Release|x64.ActiveCfg = Release|x64
		{6A4D2F50-422C-4A2A-B18B-F3D43FE1D836}.Release|x64.Build.0 = Release|x64
		{0794DE74-4702-4968-A82F-30F8194BDF5B}.Debug|Any CPU.ActiveCfg = Debug|Any CPU
		{0794DE74-4702-4968-A82F-30F8194BDF5B}.Debug|Any CPU.Build.0 = Debug|Any CPU
		{0794DE74-4702-4968-A82F-30F8194BDF5B}.Debug|x64.ActiveCfg = Debug|x64
		{0794DE74-4702-4968-A82F-30F8194BDF5B}.Debug|x64.Build.0 = Debug|x64
		{0794DE74-4702-4968-A82F-30F8194BDF5B}.Release|Any CPU.ActiveCfg = Release|Any CPU
		{0794DE74-4702-4968-A82F-30F8194BDF5B}.Release|Any CPU.Build.0 = Release|Any CPU
		{0794DE74-4702-4968-A82F-30F8194BDF5B}.Release|x64.ActiveCfg = Release|x64
		{0794DE74-4702-4968-A82F-30F8194BDF5B}.Release|x64.Build.0 = Release|x64
		{17F3E96A-76E8-4C94-802E-27F26212E5EF}.Debug|Any CPU.ActiveCfg = Debug|Any CPU
		{17F3E96A-76E8-4C94-802E-27F26212E5EF}.Debug|Any CPU.Build.0 = Debug|Any CPU
		{17F3E96A-76E8-4C94-802E-27F26212E5EF}.Debug|x64.ActiveCfg = Debug|x64
		{17F3E96A-76E8-4C94-802E-27F26212E5EF}.Debug|x64.Build.0 = Debug|x64
		{17F3E96A-76E8-4C94-802E-27F26212E5EF}.Release|Any CPU.ActiveCfg = Release|Any CPU
		{17F3E96A-76E8-4C94-802E-27F26212E5EF}.Release|Any CPU.Build.0 = Release|Any CPU
		{17F3E96A-76E8-4C94-802E-27F26212E5EF}.Release|x64.ActiveCfg = Release|x64
		{17F3E96A-76E8-4C94-802E-27F26212E5EF}.Release|x64.Build.0 = Release|x64
		{9073841E-7E5E-4AC2-A92E-8C6FC2271306}.Debug|Any CPU.ActiveCfg = Debug|Any CPU
		{9073841E-7E5E-4AC2-A92E-8C6FC2271306}.Debug|Any CPU.Build.0 = Debug|Any CPU
		{9073841E-7E5E-4AC2-A92E-8C6FC2271306}.Debug|x64.ActiveCfg = Debug|x64
		{9073841E-7E5E-4AC2-A92E-8C6FC2271306}.Debug|x64.Build.0 = Debug|x64
		{9073841E-7E5E-4AC2-A92E-8C6FC2271306}.Release|Any CPU.ActiveCfg = Release|Any CPU
		{9073841E-7E5E-4AC2-A92E-8C6FC2271306}.Release|Any CPU.Build.0 = Release|Any CPU
		{9073841E-7E5E-4AC2-A92E-8C6FC2271306}.Release|x64.ActiveCfg = Release|x64
		{9073841E-7E5E-4AC2-A92E-8C6FC2271306}.Release|x64.Build.0 = Release|x64
		{C278E262-7CE6-48E4-8EEC-42A002EA4B2F}.Debug|Any CPU.ActiveCfg = Debug|Any CPU
		{C278E262-7CE6-48E4-8EEC-42A002EA4B2F}.Debug|Any CPU.Build.0 = Debug|Any CPU
		{C278E262-7CE6-48E4-8EEC-42A002EA4B2F}.Debug|x64.ActiveCfg = Debug|x64
		{C278E262-7CE6-48E4-8EEC-42A002EA4B2F}.Debug|x64.Build.0 = Debug|x64
		{C278E262-7CE6-48E4-8EEC-42A002EA4B2F}.Release|Any CPU.ActiveCfg = Release|Any CPU
		{C278E262-7CE6-48E4-8EEC-42A002EA4B2F}.Release|Any CPU.Build.0 = Release|Any CPU
		{C278E262-7CE6-48E4-8EEC-42A002EA4B2F}.Release|x64.ActiveCfg = Release|x64
		{C278E262-7CE6-48E4-8EEC-42A002EA4B2F}.Release|x64.Build.0 = Release|x64
		{379ACC97-8276-43CD-9630-A9DA23C3702C}.Debug|Any CPU.ActiveCfg = Debug|Any CPU
		{379ACC97-8276-43CD-9630-A9DA23C3702C}.Debug|Any CPU.Build.0 = Debug|Any CPU
		{379ACC97-8276-43CD-9630-A9DA23C3702C}.Debug|x64.ActiveCfg = Debug|x64
		{379ACC97-8276-43CD-9630-A9DA23C3702C}.Debug|x64.Build.0 = Debug|x64
		{379ACC97-8276-43CD-9630-A9DA23C3702C}.Release|Any CPU.ActiveCfg = Release|Any CPU
		{379ACC97-8276-43CD-9630-A9DA23C3702C}.Release|Any CPU.Build.0 = Release|Any CPU
		{379ACC97-8276-43CD-9630-A9DA23C3702C}.Release|x64.ActiveCfg = Release|x64
		{379ACC97-8276-43CD-9630-A9DA23C3702C}.Release|x64.Build.0 = Release|x64
		{E35538D1-8651-4F8F-A965-C5B3FDB33B30}.Debug|Any CPU.ActiveCfg = Debug|Any CPU
		{E35538D1-8651-4F8F-A965-C5B3FDB33B30}.Debug|Any CPU.Build.0 = Debug|Any CPU
		{E35538D1-8651-4F8F-A965-C5B3FDB33B30}.Debug|x64.ActiveCfg = Debug|x64
		{E35538D1-8651-4F8F-A965-C5B3FDB33B30}.Debug|x64.Build.0 = Debug|x64
		{E35538D1-8651-4F8F-A965-C5B3FDB33B30}.Release|Any CPU.ActiveCfg = Release|Any CPU
		{E35538D1-8651-4F8F-A965-C5B3FDB33B30}.Release|Any CPU.Build.0 = Release|Any CPU
		{E35538D1-8651-4F8F-A965-C5B3FDB33B30}.Release|x64.ActiveCfg = Release|x64
		{E35538D1-8651-4F8F-A965-C5B3FDB33B30}.Release|x64.Build.0 = Release|x64
		{6C2283FA-24D2-4578-A470-58D98ABEBE01}.Debug|Any CPU.ActiveCfg = Debug|Any CPU
		{6C2283FA-24D2-4578-A470-58D98ABEBE01}.Debug|Any CPU.Build.0 = Debug|Any CPU
		{6C2283FA-24D2-4578-A470-58D98ABEBE01}.Debug|x64.ActiveCfg = Debug|Any CPU
		{6C2283FA-24D2-4578-A470-58D98ABEBE01}.Debug|x64.Build.0 = Debug|Any CPU
		{6C2283FA-24D2-4578-A470-58D98ABEBE01}.Release|Any CPU.ActiveCfg = Release|Any CPU
		{6C2283FA-24D2-4578-A470-58D98ABEBE01}.Release|Any CPU.Build.0 = Release|Any CPU
		{6C2283FA-24D2-4578-A470-58D98ABEBE01}.Release|x64.ActiveCfg = Release|Any CPU
		{6C2283FA-24D2-4578-A470-58D98ABEBE01}.Release|x64.Build.0 = Release|Any CPU
	EndGlobalSection
	GlobalSection(SolutionProperties) = preSolution
		HideSolutionNode = FALSE
	EndGlobalSection
	GlobalSection(NestedProjects) = preSolution
		{6764F8BF-C230-4D75-BC9A-9BF37B6E7992} = {E6DFECD3-8233-44E5-967A-919520B46C49}
		{5239CF43-22DF-4DCA-802C-B24405CF6AE9} = {E6DFECD3-8233-44E5-967A-919520B46C49}
		{6A4D2F50-422C-4A2A-B18B-F3D43FE1D836} = {29C0D845-B629-4DAF-8821-31AB9AEF53EA}
		{912C6E07-7456-4CFF-B8EE-ED896F6431E7} = {BD86B0C9-DDAD-4049-9532-317FA30C4CB5}
		{0794DE74-4702-4968-A82F-30F8194BDF5B} = {912C6E07-7456-4CFF-B8EE-ED896F6431E7}
		{BA8C827B-706B-4829-9BBF-644A4878CBFD} = {BD86B0C9-DDAD-4049-9532-317FA30C4CB5}
		{17F3E96A-76E8-4C94-802E-27F26212E5EF} = {BA8C827B-706B-4829-9BBF-644A4878CBFD}
		{1EF1995E-ECFE-4512-8395-C6935E4F2D2E} = {BD86B0C9-DDAD-4049-9532-317FA30C4CB5}
		{9073841E-7E5E-4AC2-A92E-8C6FC2271306} = {1EF1995E-ECFE-4512-8395-C6935E4F2D2E}
		{C278E262-7CE6-48E4-8EEC-42A002EA4B2F} = {BD86B0C9-DDAD-4049-9532-317FA30C4CB5}
		{379ACC97-8276-43CD-9630-A9DA23C3702C} = {C4F2F89D-6921-434B-86C9-346C3DE6A759}
		{E35538D1-8651-4F8F-A965-C5B3FDB33B30} = {E6DFECD3-8233-44E5-967A-919520B46C49}
		{6C2283FA-24D2-4578-A470-58D98ABEBE01} = {C4F2F89D-6921-434B-86C9-346C3DE6A759}
	EndGlobalSection
	GlobalSection(ExtensibilityGlobals) = postSolution
		SolutionGuid = {C0D22598-E6BF-4F6B-BA77-C0E5CB83D006}
	EndGlobalSection
EndGlobal
